
Microsoft Visual Studio Solution File, Format Version 12.00
Project("{FAE04EC0-301F-11D3-BF4B-00C04F79EFBC}") = "mvc-app-calling-api", "mvc-app-calling-api\mvc-app-calling-api.csproj", "{9E994B40-6D84-46B4-A7B8-E128DACF8C2A}"
EndProject
Global
	GlobalSection(SolutionConfigurationPlatforms) = preSolution
		Debug|Any CPU = Debug|Any CPU
		Release|Any CPU = Release|Any CPU
	EndGlobalSection
	GlobalSection(ProjectConfigurationPlatforms) = postSolution
		{9E994B40-6D84-46B4-A7B8-E128DACF8C2A}.Debug|Any CPU.ActiveCfg = Debug|Any CPU
		{9E994B40-6D84-46B4-A7B8-E128DACF8C2A}.Debug|Any CPU.Build.0 = Debug|Any CPU
		{9E994B40-6D84-46B4-A7B8-E128DACF8C2A}.Release|Any CPU.ActiveCfg = Release|Any CPU
		{9E994B40-6D84-46B4-A7B8-E128DACF8C2A}.Release|Any CPU.Build.0 = Release|Any CPU
	EndGlobalSection
EndGlobal
